// !$*UTF8*$!
{
	archiveVersion = 1;
	classes = {
	};
	objectVersion = 46;
	objects = {

/* Begin PBXBuildFile section */
		929A738F1EC35DCF0022791D /* AppDelegate.swift in Sources */ = {isa = PBXBuildFile; fileRef = 929A738E1EC35DCF0022791D /* AppDelegate.swift */; };
		929A73911EC35DCF0022791D /* ViewController.swift in Sources */ = {isa = PBXBuildFile; fileRef = 929A73901EC35DCF0022791D /* ViewController.swift */; };
		929A73941EC35DCF0022791D /* Main.storyboard in Resources */ = {isa = PBXBuildFile; fileRef = 929A73921EC35DCF0022791D /* Main.storyboard */; };
		929A73961EC35DCF0022791D /* Assets.xcassets in Resources */ = {isa = PBXBuildFile; fileRef = 929A73951EC35DCF0022791D /* Assets.xcassets */; };
		929A73991EC35DCF0022791D /* LaunchScreen.storyboard in Resources */ = {isa = PBXBuildFile; fileRef = 929A73971EC35DCF0022791D /* LaunchScreen.storyboard */; };
/* End PBXBuildFile section */

/* Begin PBXFileReference section */
		929A738B1EC35DCF0022791D /* LivingApplication.app */ = {isa = PBXFileReference; explicitFileType = wrapper.application; includeInIndex = 0; path = LivingApplication.app; sourceTree = BUILT_PRODUCTS_DIR; };
		929A738E1EC35DCF0022791D /* AppDelegate.swift */ = {isa = PBXFileReference; lastKnownFileType = sourcecode.swift; path = AppDelegate.swift; sourceTree = "<group>"; };
		929A73901EC35DCF0022791D /* ViewController.swift */ = {isa = PBXFileReference; lastKnownFileType = sourcecode.swift; path = ViewController.swift; sourceTree = "<group>"; };
		929A73931EC35DCF0022791D /* Base */ = {isa = PBXFileReference; lastKnownFileType = file.storyboard; name = Base; path = Base.lproj/Main.storyboard; sourceTree = "<group>"; };
		929A73951EC35DCF0022791D /* Assets.xcassets */ = {isa = PBXFileReference; lastKnownFileType = folder.assetcatalog; path = Assets.xcassets; sourceTree = "<group>"; };
		929A73981EC35DCF0022791D /* Base */ = {isa = PBXFileReference; lastKnownFileType = file.storyboard; name = Base; path = Base.lproj/LaunchScreen.storyboard; sourceTree = "<group>"; };
		929A739A1EC35DCF0022791D /* Info.plist */ = {isa = PBXFileReference; lastKnownFileType = text.plist.xml; path = Info.plist; sourceTree = "<group>"; };
/* End PBXFileReference section */

/* Begin PBXFrameworksBuildPhase section */
		929A73881EC35DCF0022791D /* Frameworks */ = {
			isa = PBXFrameworksBuildPhase;
			buildActionMask = 2147483647;
			files = (
			);
			runOnlyForDeploymentPostprocessing = 0;
		};
/* End PBXFrameworksBuildPhase section */

/* Begin PBXGroup section */
		929A73821EC35DCF0022791D = {
			isa = PBXGroup;
			children = (
				929A738D1EC35DCF0022791D /* LivingApplication */,
				929A738C1EC35DCF0022791D /* Products */,
			);
			sourceTree = "<group>";
		};
		929A738C1EC35DCF0022791D /* Products */ = {
			isa = PBXGroup;
			children = (
				929A738B1EC35DCF0022791D /* LivingApplication.app */,
			);
			name = Products;
			sourceTree = "<group>";
		};
		929A738D1EC35DCF0022791D /* LivingApplication */ = {
			isa = PBXGroup;
			children = (
				929A738E1EC35DCF0022791D /* AppDelegate.swift */,
				929A73901EC35DCF0022791D /* ViewController.swift */,
				929A73921EC35DCF0022791D /* Main.storyboard */,
				929A73951EC35DCF0022791D /* Assets.xcassets */,
				929A73971EC35DCF0022791D /* LaunchScreen.storyboard */,
				929A739A1EC35DCF0022791D /* Info.plist */,
			);
			path = LivingApplication;
			sourceTree = "<group>";
		};
/* End PBXGroup section */

/* Begin PBXNativeTarget section */
		929A738A1EC35DCF0022791D /* LivingApplication */ = {
			isa = PBXNativeTarget;
			buildConfigurationList = 929A739D1EC35DCF0022791D /* Build configuration list for PBXNativeTarget "LivingApplication" */;
			buildPhases = (
				929A73871EC35DCF0022791D /* Sources */,
				929A73881EC35DCF0022791D /* Frameworks */,
				929A73891EC35DCF0022791D /* Resources */,
			);
			buildRules = (
			);
			dependencies = (
			);
			name = LivingApplication;
			productName = LivingApplication;
			productReference = 929A738B1EC35DCF0022791D /* LivingApplication.app */;
			productType = "com.apple.product-type.application";
		};
/* End PBXNativeTarget section */

/* Begin PBXProject section */
		929A73831EC35DCF0022791D /* Project object */ = {
			isa = PBXProject;
			attributes = {
				LastSwiftUpdateCheck = 0730;
				LastUpgradeCheck = 0730;
				ORGANIZATIONNAME = ioser;
				TargetAttributes = {
					929A738A1EC35DCF0022791D = {
						CreatedOnToolsVersion = 7.3.1;
					};
				};
			};
			buildConfigurationList = 929A73861EC35DCF0022791D /* Build configuration list for PBXProject "LivingApplication" */;
			compatibilityVersion = "Xcode 3.2";
			developmentRegion = English;
			hasScannedForEncodings = 0;
			knownRegions = (
				en,
				Base,
			);
			mainGroup = 929A73821EC35DCF0022791D;
			productRefGroup = 929A738C1EC35DCF0022791D /* Products */;
			projectDirPath = "";
			projectRoot = "";
			targets = (
				929A738A1EC35DCF0022791D /* LivingApplication */,
			);
		};
/* End PBXProject section */

/* Begin PBXResourcesBuildPhase section */
		929A73891EC35DCF0022791D /* Resources */ = {
			isa = PBXResourcesBuildPhase;
			buildActionMask = 2147483647;
			files = (
				929A73991EC35DCF0022791D /* LaunchScreen.storyboard in Resources */,
				929A73961EC35DCF0022791D /* Assets.xcassets in Resources */,
				929A73941EC35DCF0022791D /* Main.storyboard in Resources */,
			);
			runOnlyForDeploymentPostprocessing = 0;
		};
/* End PBXResourcesBuildPhase section */

/* Begin PBXSourcesBuildPhase section */
		929A73871EC35DCF0022791D /* Sources */ = {
			isa = PBXSourcesBuildPhase;
			buildActionMask = 2147483647;
			files = (
				929A73911EC35DCF0022791D /* ViewController.swift in Sources */,
				929A738F1EC35DCF0022791D /* AppDelegate.swift in Sources */,
			);
			runOnlyForDeploymentPostprocessing = 0;
		};
/* End PBXSourcesBuildPhase section */

/* Begin PBXVariantGroup section */
		929A73921EC35DCF0022791D /* Main.storyboard */ = {
			isa = PBXVariantGroup;
			children = (
				929A73931EC35DCF0022791D /* Base */,
			);
			name = Main.storyboard;
			sourceTree = "<group>";
		};
		929A73971EC35DCF0022791D /* LaunchScreen.storyboard */ = {
			isa = PBXVariantGroup;
			children = (
				929A73981EC35DCF0022791D /* Base */,
			);
			name = LaunchScreen.storyboard;
			sourceTree = "<group>";
		};
/* End PBXVariantGroup section */

/* Begin XCBuildConfiguration section */
		929A739B1EC35DCF0022791D /* Debug */ = {
			isa = XCBuildConfiguration;
			buildSettings = {
				ALWAYS_SEARCH_USER_PATHS = NO;
				CLANG_ANALYZER_NONNULL = YES;
				CLANG_CXX_LANGUAGE_STANDARD = "gnu++0x";
				CLANG_CXX_LIBRARY = "libc++";
				CLANG_ENABLE_MODULES = YES;
				CLANG_ENABLE_OBJC_ARC = YES;
				CLANG_WARN_BOOL_CONVERSION = YES;
				CLANG_WARN_CONSTANT_CONVERSION = YES;
				CLANG_WARN_DIRECT_OBJC_ISA_USAGE = YES_ERROR;
				CLANG_WARN_EMPTY_BODY = YES;
				CLANG_WARN_ENUM_CONVERSION = YES;
				CLANG_WARN_INT_CONVERSION = YES;
				CLANG_WARN_OBJC_ROOT_CLASS = YES_ERROR;
				CLANG_WARN_UNREACHABLE_CODE = YES;
				CLANG_WARN__DUPLICATE_METHOD_MATCH = YES;
				"CODE_SIGN_IDENTITY[sdk=iphoneos*]" = "iPhone Developer";
				COPY_PHASE_STRIP = NO;
				DEBUG_INFORMATION_FORMAT = dwarf;
				ENABLE_STRICT_OBJC_MSGSEND = YES;
				ENABLE_TESTABILITY = YES;
				GCC_C_LANGUAGE_STANDARD = gnu99;
				GCC_DYNAMIC_NO_PIC = NO;
				GCC_NO_COMMON_BLOCKS = YES;
				GCC_OPTIMIZATION_LEVEL = 0;
				GCC_PREPROCESSOR_DEFINITIONS = (
					"DEBUG=1",
					"$(inherited)",
				);
				GCC_WARN_64_TO_32_BIT_CONVERSION = YES;
				GCC_WARN_ABOUT_RETURN_TYPE = YES_ERROR;
				GCC_WARN_UNDECLARED_SELECTOR = YES;
				GCC_WARN_UNINITIALIZED_AUTOS = YES_AGGRESSIVE;
				GCC_WARN_UNUSED_FUNCTION = YES;
				GCC_WARN_UNUSED_VARIABLE = YES;
				IPHONEOS_DEPLOYMENT_TARGET = 9.3;
				MTL_ENABLE_DEBUG_INFO = YES;
				ONLY_ACTIVE_ARCH = YES;
				SDKROOT = iphoneos;
				SWIFT_OPTIMIZATION_LEVEL = "-Onone";
			};
			name = Debug;
		};
		929A739C1EC35DCF0022791D /* Release */ = {
			isa = XCBuildConfiguration;
			buildSettings = {
				ALWAYS_SEARCH_USER_PATHS = NO;
				CLANG_ANALYZER_NONNULL = YES;
				CLANG_CXX_LANGUAGE_STANDARD = "gnu++0x";
				CLANG_CXX_LIBRARY = "libc++";
				CLANG_ENABLE_MODULES = YES;
				CLANG_ENABLE_OBJC_ARC = YES;
				CLANG_WARN_BOOL_CONVERSION = YES;
				CLANG_WARN_CONSTANT_CONVERSION = YES;
				CLANG_WARN_DIRECT_OBJC_ISA_USAGE = YES_ERROR;
				CLANG_WARN_EMPTY_BODY = YES;
				CLANG_WARN_ENUM_CONVERSION = YES;
				CLANG_WARN_INT_CONVERSION = YES;
				CLANG_WARN_OBJC_ROOT_CLASS = YES_ERROR;
				CLANG_WARN_UNREACHABLE_CODE = YES;
				CLANG_WARN__DUPLICATE_METHOD_MATCH = YES;
				"CODE_SIGN_IDENTITY[sdk=iphoneos*]" = "iPhone Developer";
				COPY_PHASE_STRIP = NO;
				DEBUG_INFORMATION_FORMAT = "dwarf-with-dsym";
				ENABLE_NS_ASSERTIONS = NO;
				ENABLE_STRICT_OBJC_MSGSEND = YES;
				GCC_C_LANGUAGE_STANDARD = gnu99;
				GCC_NO_COMMON_BLOCKS = YES;
				GCC_WARN_64_TO_32_BIT_CONVERSION = YES;
				GCC_WARN_ABOUT_RETURN_TYPE = YES_ERROR;
				GCC_WARN_UNDECLARED_SELECTOR = YES;
				GCC_WARN_UNINITIALIZED_AUTOS = YES_AGGRESSIVE;
				GCC_WARN_UNUSED_FUNCTION = YES;
				GCC_WARN_UNUSED_VARIABLE = YES;
				IPHONEOS_DEPLOYMENT_TARGET = 9.3;
				MTL_ENABLE_DEBUG_INFO = NO;
				SDKROOT = iphoneos;
				VALIDATE_PRODUCT = YES;
			};
			name = Release;
		};
		929A739E1EC35DCF0022791D /* Debug */ = {
			isa = XCBuildConfiguration;
			buildSettings = {
				ASSETCATALOG_COMPILER_APPICON_NAME = AppIcon;
				INFOPLIST_FILE = LivingApplication/Info.plist;
				LD_RUNPATH_SEARCH_PATHS = "$(inherited) @executable_path/Frameworks";
				PRODUCT_BUNDLE_IDENTIFIER = cn.ioser.LivingApplication;
				PRODUCT_NAME = "$(TARGET_NAME)";
			};
			name = Debug;
		};
		929A739F1EC35DCF0022791D /* Release */ = {
			isa = XCBuildConfiguration;
			buildSettings = {
				ASSETCATALOG_COMPILER_APPICON_NAME = AppIcon;
				INFOPLIST_FILE = LivingApplication/Info.plist;
				LD_RUNPATH_SEARCH_PATHS = "$(inherited) @executable_path/Frameworks";
				PRODUCT_BUNDLE_IDENTIFIER = cn.ioser.LivingApplication;
				PRODUCT_NAME = "$(TARGET_NAME)";
			};
			name = Release;
		};
/* End XCBuildConfiguration section */

/* Begin XCConfigurationList section */
		929A73861EC35DCF0022791D /* Build configuration list for PBXProject "LivingApplication" */ = {
			isa = XCConfigurationList;
			buildConfigurations = (
				929A739B1EC35DCF0022791D /* Debug */,
				929A739C1EC35DCF0022791D /* Release */,
			);
			defaultConfigurationIsVisible = 0;
			defaultConfigurationName = Release;
		};
		929A739D1EC35DCF0022791D /* Build configuration list for PBXNativeTarget "LivingApplication" */ = {
			isa = XCConfigurationList;
			buildConfigurations = (
				929A739E1EC35DCF0022791D /* Debug */,
				929A739F1EC35DCF0022791D /* Release */,
			);
			defaultConfigurationIsVisible = 0;
		};
/* End XCConfigurationList section */
	};
	rootObject = 929A73831EC35DCF0022791D /* Project object */;
}
