// !$*UTF8*$!
{
	archiveVersion = 1;
	classes = {
	};
	objectVersion = 46;
	objects = {

/* Begin PBXBuildFile section */
		9223185A1EC980CB00D9C0A8 /* UIBarButtonItem+extension.swift in Sources */ = {isa = PBXBuildFile; fileRef = 922318591EC980CB00D9C0A8 /* UIBarButtonItem+extension.swift */; };
		9223185C1EC9993D00D9C0A8 /* PageTitleView.swift in Sources */ = {isa = PBXBuildFile; fileRef = 9223185B1EC9993D00D9C0A8 /* PageTitleView.swift */; };
		9223185E1EC99D7000D9C0A8 /* Common.swift in Sources */ = {isa = PBXBuildFile; fileRef = 9223185D1EC99D7000D9C0A8 /* Common.swift */; };
		922318601EC9F8D600D9C0A8 /* pageContentView.swift in Sources */ = {isa = PBXBuildFile; fileRef = 9223185F1EC9F8D600D9C0A8 /* pageContentView.swift */; };
		922318641ECAC11A00D9C0A8 /* UIColor+extension.swift in Sources */ = {isa = PBXBuildFile; fileRef = 922318631ECAC11A00D9C0A8 /* UIColor+extension.swift */; };
		922318661ECC388C00D9C0A8 /* RecommerController.swift in Sources */ = {isa = PBXBuildFile; fileRef = 922318651ECC388C00D9C0A8 /* RecommerController.swift */; };
		922318691ECC64F100D9C0A8 /* CollectionHeaderView.swift in Sources */ = {isa = PBXBuildFile; fileRef = 922318671ECC64F100D9C0A8 /* CollectionHeaderView.swift */; };
		9223186A1ECC64F100D9C0A8 /* CollectionHeaderView.xib in Resources */ = {isa = PBXBuildFile; fileRef = 922318681ECC64F100D9C0A8 /* CollectionHeaderView.xib */; };
		9223186D1ECC6CB800D9C0A8 /* NormalCollectionCell.swift in Sources */ = {isa = PBXBuildFile; fileRef = 9223186B1ECC6CB800D9C0A8 /* NormalCollectionCell.swift */; };
		9223186E1ECC6CB800D9C0A8 /* NormalCollectionCell.xib in Resources */ = {isa = PBXBuildFile; fileRef = 9223186C1ECC6CB800D9C0A8 /* NormalCollectionCell.xib */; };
		922318711ECC78BC00D9C0A8 /* PrettyCollectionViewCell.swift in Sources */ = {isa = PBXBuildFile; fileRef = 9223186F1ECC78BC00D9C0A8 /* PrettyCollectionViewCell.swift */; };
		922318721ECC78BC00D9C0A8 /* PrettyCollectionViewCell.xib in Resources */ = {isa = PBXBuildFile; fileRef = 922318701ECC78BC00D9C0A8 /* PrettyCollectionViewCell.xib */; };
		929A738F1EC35DCF0022791D /* AppDelegate.swift in Sources */ = {isa = PBXBuildFile; fileRef = 929A738E1EC35DCF0022791D /* AppDelegate.swift */; };
		929A73941EC35DCF0022791D /* Main.storyboard in Resources */ = {isa = PBXBuildFile; fileRef = 929A73921EC35DCF0022791D /* Main.storyboard */; };
		929A73961EC35DCF0022791D /* Assets.xcassets in Resources */ = {isa = PBXBuildFile; fileRef = 929A73951EC35DCF0022791D /* Assets.xcassets */; };
		929A73991EC35DCF0022791D /* LaunchScreen.storyboard in Resources */ = {isa = PBXBuildFile; fileRef = 929A73971EC35DCF0022791D /* LaunchScreen.storyboard */; };
		929A73A91EC368640022791D /* Images.xcassets in Resources */ = {isa = PBXBuildFile; fileRef = 929A73A81EC368640022791D /* Images.xcassets */; };
		929A73AC1EC36A430022791D /* Home.storyboard in Resources */ = {isa = PBXBuildFile; fileRef = 929A73AA1EC36A430022791D /* Home.storyboard */; };
		929A73B41EC36B650022791D /* follow.storyboard in Resources */ = {isa = PBXBuildFile; fileRef = 929A73B21EC36B650022791D /* follow.storyboard */; };
		929A73B71EC36BBE0022791D /* Profile.storyboard in Resources */ = {isa = PBXBuildFile; fileRef = 929A73B51EC36BBE0022791D /* Profile.storyboard */; };
		929A73BA1EC36D530022791D /* live.storyboard in Resources */ = {isa = PBXBuildFile; fileRef = 929A73B81EC36D530022791D /* live.storyboard */; };
		929A73C11EC9710D0022791D /* MainTabBarController.swift in Sources */ = {isa = PBXBuildFile; fileRef = 929A73BE1EC9710D0022791D /* MainTabBarController.swift */; };
		929A73CF1EC973830022791D /* HomeViewController.swift in Sources */ = {isa = PBXBuildFile; fileRef = 929A73CE1EC973830022791D /* HomeViewController.swift */; };
		B9B21D0B327BC0D35B38A2E4 /* Pods_LivingApplication.framework in Frameworks */ = {isa = PBXBuildFile; fileRef = B6CABE576E32D68AA1CFD60B /* Pods_LivingApplication.framework */; };
/* End PBXBuildFile section */

/* Begin PBXFileReference section */
		4BF09A93058676819AA8A3D9 /* Pods-LivingApplication.release.xcconfig */ = {isa = PBXFileReference; includeInIndex = 1; lastKnownFileType = text.xcconfig; name = "Pods-LivingApplication.release.xcconfig"; path = "Pods/Target Support Files/Pods-LivingApplication/Pods-LivingApplication.release.xcconfig"; sourceTree = "<group>"; };
		52FD1E6D9B8DCAEE887EF1ED /* Pods-LivingApplication.debug.xcconfig */ = {isa = PBXFileReference; includeInIndex = 1; lastKnownFileType = text.xcconfig; name = "Pods-LivingApplication.debug.xcconfig"; path = "Pods/Target Support Files/Pods-LivingApplication/Pods-LivingApplication.debug.xcconfig"; sourceTree = "<group>"; };
		922318591EC980CB00D9C0A8 /* UIBarButtonItem+extension.swift */ = {isa = PBXFileReference; fileEncoding = 4; lastKnownFileType = sourcecode.swift; path = "UIBarButtonItem+extension.swift"; sourceTree = "<group>"; };
		9223185B1EC9993D00D9C0A8 /* PageTitleView.swift */ = {isa = PBXFileReference; fileEncoding = 4; lastKnownFileType = sourcecode.swift; path = PageTitleView.swift; sourceTree = "<group>"; };
		9223185D1EC99D7000D9C0A8 /* Common.swift */ = {isa = PBXFileReference; fileEncoding = 4; lastKnownFileType = sourcecode.swift; path = Common.swift; sourceTree = "<group>"; };
		9223185F1EC9F8D600D9C0A8 /* pageContentView.swift */ = {isa = PBXFileReference; fileEncoding = 4; lastKnownFileType = sourcecode.swift; path = pageContentView.swift; sourceTree = "<group>"; };
		922318631ECAC11A00D9C0A8 /* UIColor+extension.swift */ = {isa = PBXFileReference; fileEncoding = 4; lastKnownFileType = sourcecode.swift; path = "UIColor+extension.swift"; sourceTree = "<group>"; };
		922318651ECC388C00D9C0A8 /* RecommerController.swift */ = {isa = PBXFileReference; fileEncoding = 4; lastKnownFileType = sourcecode.swift; path = RecommerController.swift; sourceTree = "<group>"; };
		922318671ECC64F100D9C0A8 /* CollectionHeaderView.swift */ = {isa = PBXFileReference; fileEncoding = 4; lastKnownFileType = sourcecode.swift; path = CollectionHeaderView.swift; sourceTree = "<group>"; };
		922318681ECC64F100D9C0A8 /* CollectionHeaderView.xib */ = {isa = PBXFileReference; fileEncoding = 4; lastKnownFileType = file.xib; path = CollectionHeaderView.xib; sourceTree = "<group>"; };
		9223186B1ECC6CB800D9C0A8 /* NormalCollectionCell.swift */ = {isa = PBXFileReference; fileEncoding = 4; lastKnownFileType = sourcecode.swift; path = NormalCollectionCell.swift; sourceTree = "<group>"; };
		9223186C1ECC6CB800D9C0A8 /* NormalCollectionCell.xib */ = {isa = PBXFileReference; fileEncoding = 4; lastKnownFileType = file.xib; path = NormalCollectionCell.xib; sourceTree = "<group>"; };
		9223186F1ECC78BC00D9C0A8 /* PrettyCollectionViewCell.swift */ = {isa = PBXFileReference; fileEncoding = 4; lastKnownFileType = sourcecode.swift; path = PrettyCollectionViewCell.swift; sourceTree = "<group>"; };
		922318701ECC78BC00D9C0A8 /* PrettyCollectionViewCell.xib */ = {isa = PBXFileReference; fileEncoding = 4; lastKnownFileType = file.xib; path = PrettyCollectionViewCell.xib; sourceTree = "<group>"; };
		929A738B1EC35DCF0022791D /* LivingApplication.app */ = {isa = PBXFileReference; explicitFileType = wrapper.application; includeInIndex = 0; path = LivingApplication.app; sourceTree = BUILT_PRODUCTS_DIR; };
		929A738E1EC35DCF0022791D /* AppDelegate.swift */ = {isa = PBXFileReference; lastKnownFileType = sourcecode.swift; name = AppDelegate.swift; path = ../AppDelegate.swift; sourceTree = "<group>"; };
		929A73931EC35DCF0022791D /* Base */ = {isa = PBXFileReference; lastKnownFileType = file.storyboard; name = Base; path = Base.lproj/Main.storyboard; sourceTree = "<group>"; };
		929A73951EC35DCF0022791D /* Assets.xcassets */ = {isa = PBXFileReference; lastKnownFileType = folder.assetcatalog; path = Assets.xcassets; sourceTree = "<group>"; };
		929A73981EC35DCF0022791D /* Base */ = {isa = PBXFileReference; lastKnownFileType = file.storyboard; name = Base; path = Base.lproj/LaunchScreen.storyboard; sourceTree = "<group>"; };
		929A739A1EC35DCF0022791D /* Info.plist */ = {isa = PBXFileReference; lastKnownFileType = text.plist.xml; path = Info.plist; sourceTree = "<group>"; };
		929A73A81EC368640022791D /* Images.xcassets */ = {isa = PBXFileReference; lastKnownFileType = folder.assetcatalog; path = Images.xcassets; sourceTree = "<group>"; };
		929A73AB1EC36A430022791D /* Base */ = {isa = PBXFileReference; lastKnownFileType = file.storyboard; name = Base; path = LivingApplication/Base.lproj/Home.storyboard; sourceTree = SOURCE_ROOT; };
		929A73B31EC36B650022791D /* Base */ = {isa = PBXFileReference; lastKnownFileType = file.storyboard; name = Base; path = LivingApplication/Base.lproj/follow.storyboard; sourceTree = SOURCE_ROOT; };
		929A73B61EC36BBE0022791D /* Base */ = {isa = PBXFileReference; lastKnownFileType = file.storyboard; name = Base; path = LivingApplication/Base.lproj/Profile.storyboard; sourceTree = SOURCE_ROOT; };
		929A73B91EC36D530022791D /* Base */ = {isa = PBXFileReference; lastKnownFileType = file.storyboard; name = Base; path = LivingApplication/Base.lproj/live.storyboard; sourceTree = SOURCE_ROOT; };
		929A73BE1EC9710D0022791D /* MainTabBarController.swift */ = {isa = PBXFileReference; fileEncoding = 4; lastKnownFileType = sourcecode.swift; path = MainTabBarController.swift; sourceTree = "<group>"; };
		929A73CE1EC973830022791D /* HomeViewController.swift */ = {isa = PBXFileReference; fileEncoding = 4; lastKnownFileType = sourcecode.swift; path = HomeViewController.swift; sourceTree = "<group>"; };
		B6CABE576E32D68AA1CFD60B /* Pods_LivingApplication.framework */ = {isa = PBXFileReference; explicitFileType = wrapper.framework; includeInIndex = 0; path = Pods_LivingApplication.framework; sourceTree = BUILT_PRODUCTS_DIR; };
/* End PBXFileReference section */

/* Begin PBXFrameworksBuildPhase section */
		929A73881EC35DCF0022791D /* Frameworks */ = {
			isa = PBXFrameworksBuildPhase;
			buildActionMask = 2147483647;
			files = (
				B9B21D0B327BC0D35B38A2E4 /* Pods_LivingApplication.framework in Frameworks */,
			);
			runOnlyForDeploymentPostprocessing = 0;
		};
/* End PBXFrameworksBuildPhase section */

/* Begin PBXGroup section */
		0ADE21A937D831D7B298269F /* Frameworks */ = {
			isa = PBXGroup;
			children = (
				B6CABE576E32D68AA1CFD60B /* Pods_LivingApplication.framework */,
			);
			name = Frameworks;
			sourceTree = "<group>";
		};
		8D9E5EBE6F248F91BD92C27F /* Pods */ = {
			isa = PBXGroup;
			children = (
				52FD1E6D9B8DCAEE887EF1ED /* Pods-LivingApplication.debug.xcconfig */,
				4BF09A93058676819AA8A3D9 /* Pods-LivingApplication.release.xcconfig */,
			);
			name = Pods;
			sourceTree = "<group>";
		};
		929A73821EC35DCF0022791D = {
			isa = PBXGroup;
			children = (
				929A738D1EC35DCF0022791D /* LivingApplication */,
				929A738C1EC35DCF0022791D /* Products */,
				8D9E5EBE6F248F91BD92C27F /* Pods */,
				0ADE21A937D831D7B298269F /* Frameworks */,
			);
			sourceTree = "<group>";
		};
		929A738C1EC35DCF0022791D /* Products */ = {
			isa = PBXGroup;
			children = (
				929A738B1EC35DCF0022791D /* LivingApplication.app */,
			);
			name = Products;
			sourceTree = "<group>";
		};
		929A738D1EC35DCF0022791D /* LivingApplication */ = {
			isa = PBXGroup;
			children = (
				929A73A01EC35FF50022791D /* Classess */,
				929A73951EC35DCF0022791D /* Assets.xcassets */,
				929A73971EC35DCF0022791D /* LaunchScreen.storyboard */,
				929A739A1EC35DCF0022791D /* Info.plist */,
				929A73A81EC368640022791D /* Images.xcassets */,
			);
			path = LivingApplication;
			sourceTree = "<group>";
		};
		929A73A01EC35FF50022791D /* Classess */ = {
			isa = PBXGroup;
			children = (
				929A738E1EC35DCF0022791D /* AppDelegate.swift */,
				929A73A51EC35FF50022791D /* Main */,
				929A73A11EC35FF50022791D /* Category */,
				929A73A31EC35FF50022791D /* Home */,
				929A73A41EC35FF50022791D /* Live */,
				929A73A21EC35FF50022791D /* Follow */,
				929A73A61EC35FF50022791D /* Profile */,
				929A73A71EC35FF50022791D /* Tools */,
			);
			path = Classess;
			sourceTree = "<group>";
		};
		929A73A11EC35FF50022791D /* Category */ = {
			isa = PBXGroup;
			children = (
				922318591EC980CB00D9C0A8 /* UIBarButtonItem+extension.swift */,
				922318631ECAC11A00D9C0A8 /* UIColor+extension.swift */,
			);
			path = Category;
			sourceTree = "<group>";
		};
		929A73A21EC35FF50022791D /* Follow */ = {
			isa = PBXGroup;
			children = (
				929A73C81EC9716F0022791D /* Controller */,
				929A73C91EC9716F0022791D /* Model */,
				929A73CA1EC9716F0022791D /* View */,
			);
			path = Follow;
			sourceTree = "<group>";
		};
		929A73A31EC35FF50022791D /* Home */ = {
			isa = PBXGroup;
			children = (
				929A73C21EC971560022791D /* Controller */,
				929A73C31EC971560022791D /* Model */,
				929A73C41EC971560022791D /* View */,
			);
			path = Home;
			sourceTree = "<group>";
		};
		929A73A41EC35FF50022791D /* Live */ = {
			isa = PBXGroup;
			children = (
				929A73C51EC971600022791D /* Controller */,
				929A73C61EC971600022791D /* Model */,
				929A73C71EC971600022791D /* View */,
			);
			path = Live;
			sourceTree = "<group>";
		};
		929A73A51EC35FF50022791D /* Main */ = {
			isa = PBXGroup;
			children = (
				929A73BD1EC9710D0022791D /* Controller */,
				929A73BF1EC9710D0022791D /* Model */,
				929A73C01EC9710D0022791D /* View */,
				929A73921EC35DCF0022791D /* Main.storyboard */,
			);
			path = Main;
			sourceTree = "<group>";
		};
		929A73A61EC35FF50022791D /* Profile */ = {
			isa = PBXGroup;
			children = (
				929A73CB1EC9717B0022791D /* Controller */,
				929A73CC1EC9717B0022791D /* Model */,
				929A73CD1EC9717B0022791D /* View */,
			);
			path = Profile;
			sourceTree = "<group>";
		};
		929A73A71EC35FF50022791D /* Tools */ = {
			isa = PBXGroup;
			children = (
				9223185D1EC99D7000D9C0A8 /* Common.swift */,
			);
			path = Tools;
			sourceTree = "<group>";
		};
		929A73BD1EC9710D0022791D /* Controller */ = {
			isa = PBXGroup;
			children = (
				929A73BE1EC9710D0022791D /* MainTabBarController.swift */,
			);
			path = Controller;
			sourceTree = "<group>";
		};
		929A73BF1EC9710D0022791D /* Model */ = {
			isa = PBXGroup;
			children = (
			);
			path = Model;
			sourceTree = "<group>";
		};
		929A73C01EC9710D0022791D /* View */ = {
			isa = PBXGroup;
			children = (
				9223185B1EC9993D00D9C0A8 /* PageTitleView.swift */,
				9223185F1EC9F8D600D9C0A8 /* pageContentView.swift */,
				922318671ECC64F100D9C0A8 /* CollectionHeaderView.swift */,
				922318681ECC64F100D9C0A8 /* CollectionHeaderView.xib */,
				9223186B1ECC6CB800D9C0A8 /* NormalCollectionCell.swift */,
				9223186C1ECC6CB800D9C0A8 /* NormalCollectionCell.xib */,
				9223186F1ECC78BC00D9C0A8 /* PrettyCollectionViewCell.swift */,
				922318701ECC78BC00D9C0A8 /* PrettyCollectionViewCell.xib */,
			);
			path = View;
			sourceTree = "<group>";
		};
		929A73C21EC971560022791D /* Controller */ = {
			isa = PBXGroup;
			children = (
				929A73AA1EC36A430022791D /* Home.storyboard */,
				929A73CE1EC973830022791D /* HomeViewController.swift */,
				922318651ECC388C00D9C0A8 /* RecommerController.swift */,
			);
			path = Controller;
			sourceTree = "<group>";
		};
		929A73C31EC971560022791D /* Model */ = {
			isa = PBXGroup;
			children = (
			);
			path = Model;
			sourceTree = "<group>";
		};
		929A73C41EC971560022791D /* View */ = {
			isa = PBXGroup;
			children = (
			);
			path = View;
			sourceTree = "<group>";
		};
		929A73C51EC971600022791D /* Controller */ = {
			isa = PBXGroup;
			children = (
				929A73B81EC36D530022791D /* live.storyboard */,
			);
			path = Controller;
			sourceTree = "<group>";
		};
		929A73C61EC971600022791D /* Model */ = {
			isa = PBXGroup;
			children = (
			);
			path = Model;
			sourceTree = "<group>";
		};
		929A73C71EC971600022791D /* View */ = {
			isa = PBXGroup;
			children = (
			);
			path = View;
			sourceTree = "<group>";
		};
		929A73C81EC9716F0022791D /* Controller */ = {
			isa = PBXGroup;
			children = (
				929A73B21EC36B650022791D /* follow.storyboard */,
			);
			path = Controller;
			sourceTree = "<group>";
		};
		929A73C91EC9716F0022791D /* Model */ = {
			isa = PBXGroup;
			children = (
			);
			path = Model;
			sourceTree = "<group>";
		};
		929A73CA1EC9716F0022791D /* View */ = {
			isa = PBXGroup;
			children = (
			);
			path = View;
			sourceTree = "<group>";
		};
		929A73CB1EC9717B0022791D /* Controller */ = {
			isa = PBXGroup;
			children = (
				929A73B51EC36BBE0022791D /* Profile.storyboard */,
			);
			path = Controller;
			sourceTree = "<group>";
		};
		929A73CC1EC9717B0022791D /* Model */ = {
			isa = PBXGroup;
			children = (
			);
			path = Model;
			sourceTree = "<group>";
		};
		929A73CD1EC9717B0022791D /* View */ = {
			isa = PBXGroup;
			children = (
			);
			path = View;
			sourceTree = "<group>";
		};
/* End PBXGroup section */

/* Begin PBXNativeTarget section */
		929A738A1EC35DCF0022791D /* LivingApplication */ = {
			isa = PBXNativeTarget;
			buildConfigurationList = 929A739D1EC35DCF0022791D /* Build configuration list for PBXNativeTarget "LivingApplication" */;
			buildPhases = (
				72AF687C2E4E099EB1A84762 /* [CP] Check Pods Manifest.lock */,
				929A73871EC35DCF0022791D /* Sources */,
				929A73881EC35DCF0022791D /* Frameworks */,
				929A73891EC35DCF0022791D /* Resources */,
				3EE5037535383C105ED7D0AF /* [CP] Embed Pods Frameworks */,
				C0AA17D3424AEF323D1606C6 /* [CP] Copy Pods Resources */,
			);
			buildRules = (
			);
			dependencies = (
			);
			name = LivingApplication;
			productName = LivingApplication;
			productReference = 929A738B1EC35DCF0022791D /* LivingApplication.app */;
			productType = "com.apple.product-type.application";
		};
/* End PBXNativeTarget section */

/* Begin PBXProject section */
		929A73831EC35DCF0022791D /* Project object */ = {
			isa = PBXProject;
			attributes = {
				LastSwiftUpdateCheck = 0730;
				LastUpgradeCheck = 0730;
				ORGANIZATIONNAME = ioser;
				TargetAttributes = {
					929A738A1EC35DCF0022791D = {
						CreatedOnToolsVersion = 7.3.1;
					};
				};
			};
			buildConfigurationList = 929A73861EC35DCF0022791D /* Build configuration list for PBXProject "LivingApplication" */;
			compatibilityVersion = "Xcode 3.2";
			developmentRegion = English;
			hasScannedForEncodings = 0;
			knownRegions = (
				en,
				Base,
			);
			mainGroup = 929A73821EC35DCF0022791D;
			productRefGroup = 929A738C1EC35DCF0022791D /* Products */;
			projectDirPath = "";
			projectRoot = "";
			targets = (
				929A738A1EC35DCF0022791D /* LivingApplication */,
			);
		};
/* End PBXProject section */

/* Begin PBXResourcesBuildPhase section */
		929A73891EC35DCF0022791D /* Resources */ = {
			isa = PBXResourcesBuildPhase;
			buildActionMask = 2147483647;
			files = (
				929A73991EC35DCF0022791D /* LaunchScreen.storyboard in Resources */,
				929A73AC1EC36A430022791D /* Home.storyboard in Resources */,
				929A73B71EC36BBE0022791D /* Profile.storyboard in Resources */,
				922318721ECC78BC00D9C0A8 /* PrettyCollectionViewCell.xib in Resources */,
				929A73A91EC368640022791D /* Images.xcassets in Resources */,
				929A73961EC35DCF0022791D /* Assets.xcassets in Resources */,
				9223186A1ECC64F100D9C0A8 /* CollectionHeaderView.xib in Resources */,
				929A73941EC35DCF0022791D /* Main.storyboard in Resources */,
				929A73BA1EC36D530022791D /* live.storyboard in Resources */,
				9223186E1ECC6CB800D9C0A8 /* NormalCollectionCell.xib in Resources */,
				929A73B41EC36B650022791D /* follow.storyboard in Resources */,
			);
			runOnlyForDeploymentPostprocessing = 0;
		};
/* End PBXResourcesBuildPhase section */

/* Begin PBXShellScriptBuildPhase section */
		3EE5037535383C105ED7D0AF /* [CP] Embed Pods Frameworks */ = {
			isa = PBXShellScriptBuildPhase;
			buildActionMask = 2147483647;
			files = (
			);
			inputPaths = (
			);
			name = "[CP] Embed Pods Frameworks";
			outputPaths = (
			);
			runOnlyForDeploymentPostprocessing = 0;
			shellPath = /bin/sh;
			shellScript = "\"${SRCROOT}/Pods/Target Support Files/Pods-LivingApplication/Pods-LivingApplication-frameworks.sh\"\n";
			showEnvVarsInLog = 0;
		};
		72AF687C2E4E099EB1A84762 /* [CP] Check Pods Manifest.lock */ = {
			isa = PBXShellScriptBuildPhase;
			buildActionMask = 2147483647;
			files = (
			);
			inputPaths = (
			);
			name = "[CP] Check Pods Manifest.lock";
			outputPaths = (
			);
			runOnlyForDeploymentPostprocessing = 0;
			shellPath = /bin/sh;
			shellScript = "diff \"${PODS_ROOT}/../Podfile.lock\" \"${PODS_ROOT}/Manifest.lock\" > /dev/null\nif [[ $? != 0 ]] ; then\n    cat << EOM\nerror: The sandbox is not in sync with the Podfile.lock. Run 'pod install' or update your CocoaPods installation.\nEOM\n    exit 1\nfi\n";
			showEnvVarsInLog = 0;
		};
		C0AA17D3424AEF323D1606C6 /* [CP] Copy Pods Resources */ = {
			isa = PBXShellScriptBuildPhase;
			buildActionMask = 2147483647;
			files = (
			);
			inputPaths = (
			);
			name = "[CP] Copy Pods Resources";
			outputPaths = (
			);
			runOnlyForDeploymentPostprocessing = 0;
			shellPath = /bin/sh;
			shellScript = "\"${SRCROOT}/Pods/Target Support Files/Pods-LivingApplication/Pods-LivingApplication-resources.sh\"\n";
			showEnvVarsInLog = 0;
		};
/* End PBXShellScriptBuildPhase section */

/* Begin PBXSourcesBuildPhase section */
		929A73871EC35DCF0022791D /* Sources */ = {
			isa = PBXSourcesBuildPhase;
			buildActionMask = 2147483647;
			files = (
				922318711ECC78BC00D9C0A8 /* PrettyCollectionViewCell.swift in Sources */,
				9223186D1ECC6CB800D9C0A8 /* NormalCollectionCell.swift in Sources */,
				9223185A1EC980CB00D9C0A8 /* UIBarButtonItem+extension.swift in Sources */,
				922318691ECC64F100D9C0A8 /* CollectionHeaderView.swift in Sources */,
				929A73C11EC9710D0022791D /* MainTabBarController.swift in Sources */,
				922318661ECC388C00D9C0A8 /* RecommerController.swift in Sources */,
				922318601EC9F8D600D9C0A8 /* pageContentView.swift in Sources */,
				9223185C1EC9993D00D9C0A8 /* PageTitleView.swift in Sources */,
				929A738F1EC35DCF0022791D /* AppDelegate.swift in Sources */,
				9223185E1EC99D7000D9C0A8 /* Common.swift in Sources */,
				929A73CF1EC973830022791D /* HomeViewController.swift in Sources */,
				922318641ECAC11A00D9C0A8 /* UIColor+extension.swift in Sources */,
			);
			runOnlyForDeploymentPostprocessing = 0;
		};
/* End PBXSourcesBuildPhase section */

/* Begin PBXVariantGroup section */
		929A73921EC35DCF0022791D /* Main.storyboard */ = {
			isa = PBXVariantGroup;
			children = (
				929A73931EC35DCF0022791D /* Base */,
			);
			name = Main.storyboard;
			path = ../..;
			sourceTree = "<group>";
		};
		929A73971EC35DCF0022791D /* LaunchScreen.storyboard */ = {
			isa = PBXVariantGroup;
			children = (
				929A73981EC35DCF0022791D /* Base */,
			);
			name = LaunchScreen.storyboard;
			sourceTree = "<group>";
		};
		929A73AA1EC36A430022791D /* Home.storyboard */ = {
			isa = PBXVariantGroup;
			children = (
				929A73AB1EC36A430022791D /* Base */,
			);
			name = Home.storyboard;
			path = ../../Main;
			sourceTree = "<group>";
		};
		929A73B21EC36B650022791D /* follow.storyboard */ = {
			isa = PBXVariantGroup;
			children = (
				929A73B31EC36B650022791D /* Base */,
			);
			name = follow.storyboard;
			path = ../../Main;
			sourceTree = "<group>";
		};
		929A73B51EC36BBE0022791D /* Profile.storyboard */ = {
			isa = PBXVariantGroup;
			children = (
				929A73B61EC36BBE0022791D /* Base */,
			);
			name = Profile.storyboard;
			path = ../../Main;
			sourceTree = "<group>";
		};
		929A73B81EC36D530022791D /* live.storyboard */ = {
			isa = PBXVariantGroup;
			children = (
				929A73B91EC36D530022791D /* Base */,
			);
			name = live.storyboard;
			path = ../../Main;
			sourceTree = "<group>";
		};
/* End PBXVariantGroup section */

/* Begin XCBuildConfiguration section */
		929A739B1EC35DCF0022791D /* Debug */ = {
			isa = XCBuildConfiguration;
			buildSettings = {
				ALWAYS_SEARCH_USER_PATHS = NO;
				CLANG_ANALYZER_NONNULL = YES;
				CLANG_CXX_LANGUAGE_STANDARD = "gnu++0x";
				CLANG_CXX_LIBRARY = "libc++";
				CLANG_ENABLE_MODULES = YES;
				CLANG_ENABLE_OBJC_ARC = YES;
				CLANG_WARN_BOOL_CONVERSION = YES;
				CLANG_WARN_CONSTANT_CONVERSION = YES;
				CLANG_WARN_DIRECT_OBJC_ISA_USAGE = YES_ERROR;
				CLANG_WARN_EMPTY_BODY = YES;
				CLANG_WARN_ENUM_CONVERSION = YES;
				CLANG_WARN_INT_CONVERSION = YES;
				CLANG_WARN_OBJC_ROOT_CLASS = YES_ERROR;
				CLANG_WARN_UNREACHABLE_CODE = YES;
				CLANG_WARN__DUPLICATE_METHOD_MATCH = YES;
				"CODE_SIGN_IDENTITY[sdk=iphoneos*]" = "iPhone Developer";
				COPY_PHASE_STRIP = NO;
				DEBUG_INFORMATION_FORMAT = dwarf;
				ENABLE_STRICT_OBJC_MSGSEND = YES;
				ENABLE_TESTABILITY = YES;
				GCC_C_LANGUAGE_STANDARD = gnu99;
				GCC_DYNAMIC_NO_PIC = NO;
				GCC_NO_COMMON_BLOCKS = YES;
				GCC_OPTIMIZATION_LEVEL = 0;
				GCC_PREPROCESSOR_DEFINITIONS = (
					"DEBUG=1",
					"$(inherited)",
				);
				GCC_WARN_64_TO_32_BIT_CONVERSION = YES;
				GCC_WARN_ABOUT_RETURN_TYPE = YES_ERROR;
				GCC_WARN_UNDECLARED_SELECTOR = YES;
				GCC_WARN_UNINITIALIZED_AUTOS = YES_AGGRESSIVE;
				GCC_WARN_UNUSED_FUNCTION = YES;
				GCC_WARN_UNUSED_VARIABLE = YES;
				IPHONEOS_DEPLOYMENT_TARGET = 9.3;
				MTL_ENABLE_DEBUG_INFO = YES;
				ONLY_ACTIVE_ARCH = YES;
				SDKROOT = iphoneos;
				SWIFT_OPTIMIZATION_LEVEL = "-Onone";
			};
			name = Debug;
		};
		929A739C1EC35DCF0022791D /* Release */ = {
			isa = XCBuildConfiguration;
			buildSettings = {
				ALWAYS_SEARCH_USER_PATHS = NO;
				CLANG_ANALYZER_NONNULL = YES;
				CLANG_CXX_LANGUAGE_STANDARD = "gnu++0x";
				CLANG_CXX_LIBRARY = "libc++";
				CLANG_ENABLE_MODULES = YES;
				CLANG_ENABLE_OBJC_ARC = YES;
				CLANG_WARN_BOOL_CONVERSION = YES;
				CLANG_WARN_CONSTANT_CONVERSION = YES;
				CLANG_WARN_DIRECT_OBJC_ISA_USAGE = YES_ERROR;
				CLANG_WARN_EMPTY_BODY = YES;
				CLANG_WARN_ENUM_CONVERSION = YES;
				CLANG_WARN_INT_CONVERSION = YES;
				CLANG_WARN_OBJC_ROOT_CLASS = YES_ERROR;
				CLANG_WARN_UNREACHABLE_CODE = YES;
				CLANG_WARN__DUPLICATE_METHOD_MATCH = YES;
				"CODE_SIGN_IDENTITY[sdk=iphoneos*]" = "iPhone Developer";
				COPY_PHASE_STRIP = NO;
				DEBUG_INFORMATION_FORMAT = "dwarf-with-dsym";
				ENABLE_NS_ASSERTIONS = NO;
				ENABLE_STRICT_OBJC_MSGSEND = YES;
				GCC_C_LANGUAGE_STANDARD = gnu99;
				GCC_NO_COMMON_BLOCKS = YES;
				GCC_WARN_64_TO_32_BIT_CONVERSION = YES;
				GCC_WARN_ABOUT_RETURN_TYPE = YES_ERROR;
				GCC_WARN_UNDECLARED_SELECTOR = YES;
				GCC_WARN_UNINITIALIZED_AUTOS = YES_AGGRESSIVE;
				GCC_WARN_UNUSED_FUNCTION = YES;
				GCC_WARN_UNUSED_VARIABLE = YES;
				IPHONEOS_DEPLOYMENT_TARGET = 9.3;
				MTL_ENABLE_DEBUG_INFO = NO;
				SDKROOT = iphoneos;
				VALIDATE_PRODUCT = YES;
			};
			name = Release;
		};
		929A739E1EC35DCF0022791D /* Debug */ = {
			isa = XCBuildConfiguration;
			baseConfigurationReference = 52FD1E6D9B8DCAEE887EF1ED /* Pods-LivingApplication.debug.xcconfig */;
			buildSettings = {
				ASSETCATALOG_COMPILER_APPICON_NAME = AppIcon;
				ASSETCATALOG_COMPILER_LAUNCHIMAGE_NAME = "Brand Assets";
				INFOPLIST_FILE = LivingApplication/Info.plist;
				IPHONEOS_DEPLOYMENT_TARGET = 9.0;
				LD_RUNPATH_SEARCH_PATHS = "$(inherited) @executable_path/Frameworks";
				PRODUCT_BUNDLE_IDENTIFIER = cn.ioser.LivingApplication;
				PRODUCT_NAME = "$(TARGET_NAME)";
			};
			name = Debug;
		};
		929A739F1EC35DCF0022791D /* Release */ = {
			isa = XCBuildConfiguration;
			baseConfigurationReference = 4BF09A93058676819AA8A3D9 /* Pods-LivingApplication.release.xcconfig */;
			buildSettings = {
				ASSETCATALOG_COMPILER_APPICON_NAME = AppIcon;
				ASSETCATALOG_COMPILER_LAUNCHIMAGE_NAME = "Brand Assets";
				INFOPLIST_FILE = LivingApplication/Info.plist;
				IPHONEOS_DEPLOYMENT_TARGET = 9.0;
				LD_RUNPATH_SEARCH_PATHS = "$(inherited) @executable_path/Frameworks";
				PRODUCT_BUNDLE_IDENTIFIER = cn.ioser.LivingApplication;
				PRODUCT_NAME = "$(TARGET_NAME)";
			};
			name = Release;
		};
/* End XCBuildConfiguration section */

/* Begin XCConfigurationList section */
		929A73861EC35DCF0022791D /* Build configuration list for PBXProject "LivingApplication" */ = {
			isa = XCConfigurationList;
			buildConfigurations = (
				929A739B1EC35DCF0022791D /* Debug */,
				929A739C1EC35DCF0022791D /* Release */,
			);
			defaultConfigurationIsVisible = 0;
			defaultConfigurationName = Release;
		};
		929A739D1EC35DCF0022791D /* Build configuration list for PBXNativeTarget "LivingApplication" */ = {
			isa = XCConfigurationList;
			buildConfigurations = (
				929A739E1EC35DCF0022791D /* Debug */,
				929A739F1EC35DCF0022791D /* Release */,
			);
			defaultConfigurationIsVisible = 0;
			defaultConfigurationName = Release;
		};
/* End XCConfigurationList section */
	};
	rootObject = 929A73831EC35DCF0022791D /* Project object */;
}
